// !$*UTF8*$!
{
	archiveVersion = 1;
	classes = {
	};
	objectVersion = 46;
	objects = {

/* Begin PBXBuildFile section */
		446622DA1B234585002D1752 /* main.m in Sources */ = {isa = PBXBuildFile; fileRef = 446622D91B234585002D1752 /* main.m */; };
		446622DD1B234585002D1752 /* AppDelegate.m in Sources */ = {isa = PBXBuildFile; fileRef = 446622DC1B234585002D1752 /* AppDelegate.m */; };
		446622E01B234585002D1752 /* ViewController.m in Sources */ = {isa = PBXBuildFile; fileRef = 446622DF1B234585002D1752 /* ViewController.m */; };
		446622E31B234585002D1752 /* Main.storyboard in Resources */ = {isa = PBXBuildFile; fileRef = 446622E11B234585002D1752 /* Main.storyboard */; };
		446622E51B234585002D1752 /* Images.xcassets in Resources */ = {isa = PBXBuildFile; fileRef = 446622E41B234585002D1752 /* Images.xcassets */; };
		446622E81B234585002D1752 /* LaunchScreen.xib in Resources */ = {isa = PBXBuildFile; fileRef = 446622E61B234585002D1752 /* LaunchScreen.xib */; };
		446622F41B234585002D1752 /* _0_KVC_KVOTests.m in Sources */ = {isa = PBXBuildFile; fileRef = 446622F31B234585002D1752 /* _0_KVC_KVOTests.m */; };
/* End PBXBuildFile section */

/* Begin PBXContainerItemProxy section */
		446622EE1B234585002D1752 /* PBXContainerItemProxy */ = {
			isa = PBXContainerItemProxy;
			containerPortal = 446622CC1B234585002D1752 /* Project object */;
			proxyType = 1;
			remoteGlobalIDString = 446622D31B234585002D1752;
			remoteInfo = 40.KVC_KVO;
		};
/* End PBXContainerItemProxy section */

/* Begin PBXFileReference section */
		446622D41B234585002D1752 /* 40.KVC_KVO.app */ = {isa = PBXFileReference; explicitFileType = wrapper.application; includeInIndex = 0; path = 40.KVC_KVO.app; sourceTree = BUILT_PRODUCTS_DIR; };
		446622D81B234585002D1752 /* Info.plist */ = {isa = PBXFileReference; lastKnownFileType = text.plist.xml; path = Info.plist; sourceTree = "<group>"; };
		446622D91B234585002D1752 /* main.m */ = {isa = PBXFileReference; lastKnownFileType = sourcecode.c.objc; path = main.m; sourceTree = "<group>"; };
		446622DB1B234585002D1752 /* AppDelegate.h */ = {isa = PBXFileReference; lastKnownFileType = sourcecode.c.h; path = AppDelegate.h; sourceTree = "<group>"; };
		446622DC1B234585002D1752 /* AppDelegate.m */ = {isa = PBXFileReference; lastKnownFileType = sourcecode.c.objc; path = AppDelegate.m; sourceTree = "<group>"; };
		446622DE1B234585002D1752 /* ViewController.h */ = {isa = PBXFileReference; lastKnownFileType = sourcecode.c.h; path = ViewController.h; sourceTree = "<group>"; };
		446622DF1B234585002D1752 /* ViewController.m */ = {isa = PBXFileReference; lastKnownFileType = sourcecode.c.objc; path = ViewController.m; sourceTree = "<group>"; };
		446622E21B234585002D1752 /* Base */ = {isa = PBXFileReference; lastKnownFileType = file.storyboard; name = Base; path = Base.lproj/Main.storyboard; sourceTree = "<group>"; };
		446622E41B234585002D1752 /* Images.xcassets */ = {isa = PBXFileReference; lastKnownFileType = folder.assetcatalog; path = Images.xcassets; sourceTree = "<group>"; };
		446622E71B234585002D1752 /* Base */ = {isa = PBXFileReference; lastKnownFileType = file.xib; name = Base; path = Base.lproj/LaunchScreen.xib; sourceTree = "<group>"; };
		446622ED1B234585002D1752 /* 40.KVC_KVOTests.xctest */ = {isa = PBXFileReference; explicitFileType = wrapper.cfbundle; includeInIndex = 0; path = 40.KVC_KVOTests.xctest; sourceTree = BUILT_PRODUCTS_DIR; };
		446622F21B234585002D1752 /* Info.plist */ = {isa = PBXFileReference; lastKnownFileType = text.plist.xml; path = Info.plist; sourceTree = "<group>"; };
		446622F31B234585002D1752 /* _0_KVC_KVOTests.m */ = {isa = PBXFileReference; lastKnownFileType = sourcecode.c.objc; path = _0_KVC_KVOTests.m; sourceTree = "<group>"; };
/* End PBXFileReference section */

/* Begin PBXFrameworksBuildPhase section */
		446622D11B234585002D1752 /* Frameworks */ = {
			isa = PBXFrameworksBuildPhase;
			buildActionMask = 2147483647;
			files = (
			);
			runOnlyForDeploymentPostprocessing = 0;
		};
		446622EA1B234585002D1752 /* Frameworks */ = {
			isa = PBXFrameworksBuildPhase;
			buildActionMask = 2147483647;
			files = (
			);
			runOnlyForDeploymentPostprocessing = 0;
		};
/* End PBXFrameworksBuildPhase section */

/* Begin PBXGroup section */
		446622CB1B234585002D1752 = {
			isa = PBXGroup;
			children = (
				446622D61B234585002D1752 /* 40.KVC_KVO */,
				446622F01B234585002D1752 /* 40.KVC_KVOTests */,
				446622D51B234585002D1752 /* Products */,
			);
			sourceTree = "<group>";
		};
		446622D51B234585002D1752 /* Products */ = {
			isa = PBXGroup;
			children = (
				446622D41B234585002D1752 /* 40.KVC_KVO.app */,
				446622ED1B234585002D1752 /* 40.KVC_KVOTests.xctest */,
			);
			name = Products;
			sourceTree = "<group>";
		};
		446622D61B234585002D1752 /* 40.KVC_KVO */ = {
			isa = PBXGroup;
			children = (
				446622DB1B234585002D1752 /* AppDelegate.h */,
				446622DC1B234585002D1752 /* AppDelegate.m */,
				446622DE1B234585002D1752 /* ViewController.h */,
				446622DF1B234585002D1752 /* ViewController.m */,
				446622E11B234585002D1752 /* Main.storyboard */,
				446622E41B234585002D1752 /* Images.xcassets */,
				446622E61B234585002D1752 /* LaunchScreen.xib */,
				446622D71B234585002D1752 /* Supporting Files */,
			);
			path = 40.KVC_KVO;
			sourceTree = "<group>";
		};
		446622D71B234585002D1752 /* Supporting Files */ = {
			isa = PBXGroup;
			children = (
				446622D81B234585002D1752 /* Info.plist */,
				446622D91B234585002D1752 /* main.m */,
			);
			name = "Supporting Files";
			sourceTree = "<group>";
		};
		446622F01B234585002D1752 /* 40.KVC_KVOTests */ = {
			isa = PBXGroup;
			children = (
				446622F31B234585002D1752 /* _0_KVC_KVOTests.m */,
				446622F11B234585002D1752 /* Supporting Files */,
			);
			path = 40.KVC_KVOTests;
			sourceTree = "<group>";
		};
		446622F11B234585002D1752 /* Supporting Files */ = {
			isa = PBXGroup;
			children = (
				446622F21B234585002D1752 /* Info.plist */,
			);
			name = "Supporting Files";
			sourceTree = "<group>";
		};
/* End PBXGroup section */

/* Begin PBXNativeTarget section */
		446622D31B234585002D1752 /* 40.KVC_KVO */ = {
			isa = PBXNativeTarget;
			buildConfigurationList = 446622F71B234585002D1752 /* Build configuration list for PBXNativeTarget "40.KVC_KVO" */;
			buildPhases = (
				446622D01B234585002D1752 /* Sources */,
				446622D11B234585002D1752 /* Frameworks */,
				446622D21B234585002D1752 /* Resources */,
			);
			buildRules = (
			);
			dependencies = (
			);
			name = 40.KVC_KVO;
			productName = 40.KVC_KVO;
			productReference = 446622D41B234585002D1752 /* 40.KVC_KVO.app */;
			productType = "com.apple.product-type.application";
		};
		446622EC1B234585002D1752 /* 40.KVC_KVOTests */ = {
			isa = PBXNativeTarget;
			buildConfigurationList = 446622FA1B234585002D1752 /* Build configuration list for PBXNativeTarget "40.KVC_KVOTests" */;
			buildPhases = (
				446622E91B234585002D1752 /* Sources */,
				446622EA1B234585002D1752 /* Frameworks */,
				446622EB1B234585002D1752 /* Resources */,
			);
			buildRules = (
			);
			dependencies = (
				446622EF1B234585002D1752 /* PBXTargetDependency */,
			);
			name = 40.KVC_KVOTests;
			productName = 40.KVC_KVOTests;
			productReference = 446622ED1B234585002D1752 /* 40.KVC_KVOTests.xctest */;
			productType = "com.apple.product-type.bundle.unit-test";
		};
/* End PBXNativeTarget section */

/* Begin PBXProject section */
		446622CC1B234585002D1752 /* Project object */ = {
			isa = PBXProject;
			attributes = {
				LastUpgradeCheck = 0630;
				ORGANIZATIONNAME = temateorema;
				TargetAttributes = {
					446622D31B234585002D1752 = {
						CreatedOnToolsVersion = 6.3.1;
					};
					446622EC1B234585002D1752 = {
						CreatedOnToolsVersion = 6.3.1;
						TestTargetID = 446622D31B234585002D1752;
					};
				};
			};
			buildConfigurationList = 446622CF1B234585002D1752 /* Build configuration list for PBXProject "40.KVC_KVO" */;
			compatibilityVersion = "Xcode 3.2";
			developmentRegion = English;
			hasScannedForEncodings = 0;
			knownRegions = (
				en,
				Base,
			);
			mainGroup = 446622CB1B234585002D1752;
			productRefGroup = 446622D51B234585002D1752 /* Products */;
			projectDirPath = "";
			projectRoot = "";
			targets = (
				446622D31B234585002D1752 /* 40.KVC_KVO */,
				446622EC1B234585002D1752 /* 40.KVC_KVOTests */,
			);
		};
/* End PBXProject section */

/* Begin PBXResourcesBuildPhase section */
		446622D21B234585002D1752 /* Resources */ = {
			isa = PBXResourcesBuildPhase;
			buildActionMask = 2147483647;
			files = (
				446622E31B234585002D1752 /* Main.storyboard in Resources */,
				446622E81B234585002D1752 /* LaunchScreen.xib in Resources */,
				446622E51B234585002D1752 /* Images.xcassets in Resources */,
			);
			runOnlyForDeploymentPostprocessing = 0;
		};
		446622EB1B234585002D1752 /* Resources */ = {
			isa = PBXResourcesBuildPhase;
			buildActionMask = 2147483647;
			files = (
			);
			runOnlyForDeploymentPostprocessing = 0;
		};
/* End PBXResourcesBuildPhase section */

/* Begin PBXSourcesBuildPhase section */
		446622D01B234585002D1752 /* Sources */ = {
			isa = PBXSourcesBuildPhase;
			buildActionMask = 2147483647;
			files = (
				446622E01B234585002D1752 /* ViewController.m in Sources */,
				446622DD1B234585002D1752 /* AppDelegate.m in Sources */,
				446622DA1B234585002D1752 /* main.m in Sources */,
			);
			runOnlyForDeploymentPostprocessing = 0;
		};
		446622E91B234585002D1752 /* Sources */ = {
			isa = PBXSourcesBuildPhase;
			buildActionMask = 2147483647;
			files = (
				446622F41B234585002D1752 /* _0_KVC_KVOTests.m in Sources */,
			);
			runOnlyForDeploymentPostprocessing = 0;
		};
/* End PBXSourcesBuildPhase section */

/* Begin PBXTargetDependency section */
		446622EF1B234585002D1752 /* PBXTargetDependency */ = {
			isa = PBXTargetDependency;
			target = 446622D31B234585002D1752 /* 40.KVC_KVO */;
			targetProxy = 446622EE1B234585002D1752 /* PBXContainerItemProxy */;
		};
/* End PBXTargetDependency section */

/* Begin PBXVariantGroup section */
		446622E11B234585002D1752 /* Main.storyboard */ = {
			isa = PBXVariantGroup;
			children = (
				446622E21B234585002D1752 /* Base */,
			);
			name = Main.storyboard;
			sourceTree = "<group>";
		};
		446622E61B234585002D1752 /* LaunchScreen.xib */ = {
			isa = PBXVariantGroup;
			children = (
				446622E71B234585002D1752 /* Base */,
			);
			name = LaunchScreen.xib;
			sourceTree = "<group>";
		};
/* End PBXVariantGroup section */

/* Begin XCBuildConfiguration section */
		446622F51B234585002D1752 /* Debug */ = {
			isa = XCBuildConfiguration;
			buildSettings = {
				ALWAYS_SEARCH_USER_PATHS = NO;
				CLANG_CXX_LANGUAGE_STANDARD = "gnu++0x";
				CLANG_CXX_LIBRARY = "libc++";
				CLANG_ENABLE_MODULES = YES;
				CLANG_ENABLE_OBJC_ARC = YES;
				CLANG_WARN_BOOL_CONVERSION = YES;
				CLANG_WARN_CONSTANT_CONVERSION = YES;
				CLANG_WARN_DIRECT_OBJC_ISA_USAGE = YES_ERROR;
				CLANG_WARN_EMPTY_BODY = YES;
				CLANG_WARN_ENUM_CONVERSION = YES;
				CLANG_WARN_INT_CONVERSION = YES;
				CLANG_WARN_OBJC_ROOT_CLASS = YES_ERROR;
				CLANG_WARN_UNREACHABLE_CODE = YES;
				CLANG_WARN__DUPLICATE_METHOD_MATCH = YES;
				"CODE_SIGN_IDENTITY[sdk=iphoneos*]" = "iPhone Developer";
				COPY_PHASE_STRIP = NO;
				DEBUG_INFORMATION_FORMAT = "dwarf-with-dsym";
				ENABLE_STRICT_OBJC_MSGSEND = YES;
				GCC_C_LANGUAGE_STANDARD = gnu99;
				GCC_DYNAMIC_NO_PIC = NO;
				GCC_NO_COMMON_BLOCKS = YES;
				GCC_OPTIMIZATION_LEVEL = 0;
				GCC_PREPROCESSOR_DEFINITIONS = (
					"DEBUG=1",
					"$(inherited)",
				);
				GCC_SYMBOLS_PRIVATE_EXTERN = NO;
				GCC_WARN_64_TO_32_BIT_CONVERSION = YES;
				GCC_WARN_ABOUT_RETURN_TYPE = YES_ERROR;
				GCC_WARN_UNDECLARED_SELECTOR = YES;
				GCC_WARN_UNINITIALIZED_AUTOS = YES_AGGRESSIVE;
				GCC_WARN_UNUSED_FUNCTION = YES;
				GCC_WARN_UNUSED_VARIABLE = YES;
				IPHONEOS_DEPLOYMENT_TARGET = 8.3;
				MTL_ENABLE_DEBUG_INFO = YES;
				ONLY_ACTIVE_ARCH = YES;
				SDKROOT = iphoneos;
			};
			name = Debug;
		};
		446622F61B234585002D1752 /* Release */ = {
			isa = XCBuildConfiguration;
			buildSettings = {
				ALWAYS_SEARCH_USER_PATHS = NO;
				CLANG_CXX_LANGUAGE_STANDARD = "gnu++0x";
				CLANG_CXX_LIBRARY = "libc++";
				CLANG_ENABLE_MODULES = YES;
				CLANG_ENABLE_OBJC_ARC = YES;
				CLANG_WARN_BOOL_CONVERSION = YES;
				CLANG_WARN_CONSTANT_CONVERSION = YES;
				CLANG_WARN_DIRECT_OBJC_ISA_USAGE = YES_ERROR;
				CLANG_WARN_EMPTY_BODY = YES;
				CLANG_WARN_ENUM_CONVERSION = YES;
				CLANG_WARN_INT_CONVERSION = YES;
				CLANG_WARN_OBJC_ROOT_CLASS = YES_ERROR;
				CLANG_WARN_UNREACHABLE_CODE = YES;
				CLANG_WARN__DUPLICATE_METHOD_MATCH = YES;
				"CODE_SIGN_IDENTITY[sdk=iphoneos*]" = "iPhone Developer";
				COPY_PHASE_STRIP = NO;
				DEBUG_INFORMATION_FORMAT = "dwarf-with-dsym";
				ENABLE_NS_ASSERTIONS = NO;
				ENABLE_STRICT_OBJC_MSGSEND = YES;
				GCC_C_LANGUAGE_STANDARD = gnu99;
				GCC_NO_COMMON_BLOCKS = YES;
				GCC_WARN_64_TO_32_BIT_CONVERSION = YES;
				GCC_WARN_ABOUT_RETURN_TYPE = YES_ERROR;
				GCC_WARN_UNDECLARED_SELECTOR = YES;
				GCC_WARN_UNINITIALIZED_AUTOS = YES_AGGRESSIVE;
				GCC_WARN_UNUSED_FUNCTION = YES;
				GCC_WARN_UNUSED_VARIABLE = YES;
				IPHONEOS_DEPLOYMENT_TARGET = 8.3;
				MTL_ENABLE_DEBUG_INFO = NO;
				SDKROOT = iphoneos;
				VALIDATE_PRODUCT = YES;
			};
			name = Release;
		};
		446622F81B234585002D1752 /* Debug */ = {
			isa = XCBuildConfiguration;
			buildSettings = {
				ASSETCATALOG_COMPILER_APPICON_NAME = AppIcon;
				INFOPLIST_FILE = 40.KVC_KVO/Info.plist;
				LD_RUNPATH_SEARCH_PATHS = "$(inherited) @executable_path/Frameworks";
				PRODUCT_NAME = "$(TARGET_NAME)";
			};
			name = Debug;
		};
		446622F91B234585002D1752 /* Release */ = {
			isa = XCBuildConfiguration;
			buildSettings = {
				ASSETCATALOG_COMPILER_APPICON_NAME = AppIcon;
				INFOPLIST_FILE = 40.KVC_KVO/Info.plist;
				LD_RUNPATH_SEARCH_PATHS = "$(inherited) @executable_path/Frameworks";
				PRODUCT_NAME = "$(TARGET_NAME)";
			};
			name = Release;
		};
		446622FB1B234585002D1752 /* Debug */ = {
			isa = XCBuildConfiguration;
			buildSettings = {
				BUNDLE_LOADER = "$(TEST_HOST)";
				FRAMEWORK_SEARCH_PATHS = (
					"$(SDKROOT)/Developer/Library/Frameworks",
					"$(inherited)",
				);
				GCC_PREPROCESSOR_DEFINITIONS = (
					"DEBUG=1",
					"$(inherited)",
				);
				INFOPLIST_FILE = 40.KVC_KVOTests/Info.plist;
				LD_RUNPATH_SEARCH_PATHS = "$(inherited) @executable_path/Frameworks @loader_path/Frameworks";
				PRODUCT_NAME = "$(TARGET_NAME)";
				TEST_HOST = "$(BUILT_PRODUCTS_DIR)/40.KVC_KVO.app/40.KVC_KVO";
			};
			name = Debug;
		};
		446622FC1B234585002D1752 /* Release */ = {
			isa = XCBuildConfiguration;
			buildSettings = {
				BUNDLE_LOADER = "$(TEST_HOST)";
				FRAMEWORK_SEARCH_PATHS = (
					"$(SDKROOT)/Developer/Library/Frameworks",
					"$(inherited)",
				);
				INFOPLIST_FILE = 40.KVC_KVOTests/Info.plist;
				LD_RUNPATH_SEARCH_PATHS = "$(inherited) @executable_path/Frameworks @loader_path/Frameworks";
				PRODUCT_NAME = "$(TARGET_NAME)";
				TEST_HOST = "$(BUILT_PRODUCTS_DIR)/40.KVC_KVO.app/40.KVC_KVO";
			};
			name = Release;
		};
/* End XCBuildConfiguration section */

/* Begin XCConfigurationList section */
		446622CF1B234585002D1752 /* Build configuration list for PBXProject "40.KVC_KVO" */ = {
			isa = XCConfigurationList;
			buildConfigurations = (
				446622F51B234585002D1752 /* Debug */,
				446622F61B234585002D1752 /* Release */,
			);
			defaultConfigurationIsVisible = 0;
			defaultConfigurationName = Release;
		};
		446622F71B234585002D1752 /* Build configuration list for PBXNativeTarget "40.KVC_KVO" */ = {
			isa = XCConfigurationList;
			buildConfigurations = (
				446622F81B234585002D1752 /* Debug */,
				446622F91B234585002D1752 /* Release */,
			);
			defaultConfigurationIsVisible = 0;
		};
		446622FA1B234585002D1752 /* Build configuration list for PBXNativeTarget "40.KVC_KVOTests" */ = {
			isa = XCConfigurationList;
			buildConfigurations = (
				446622FB1B234585002D1752 /* Debug */,
				446622FC1B234585002D1752 /* Release */,
			);
			defaultConfigurationIsVisible = 0;
		};
/* End XCConfigurationList section */
	};
	rootObject = 446622CC1B234585002D1752 /* Project object */;
}
